
Microsoft Visual Studio Solution File, Format Version 12.00
# Visual Studio Version 17
VisualStudioVersion = 17.3.32804.467
MinimumVisualStudioVersion = 10.0.40219.1
Project("{FAE04EC0-301F-11D3-BF4B-00C04F79EFBC}") = "Transport_ly", "Transport_ly\Transport_ly.csproj", "{53E6A2A4-B72A-4C86-9103-457F1650D9EE}"
EndProject
Global
	GlobalSection(SolutionConfigurationPlatforms) = preSolution
		Debug|Any CPU = Debug|Any CPU
		Release|Any CPU = Release|Any CPU
	EndGlobalSection
	GlobalSection(ProjectConfigurationPlatforms) = postSolution
		{53E6A2A4-B72A-4C86-9103-457F1650D9EE}.Debug|Any CPU.ActiveCfg = Debug|Any CPU
		{53E6A2A4-B72A-4C86-9103-457F1650D9EE}.Debug|Any CPU.Build.0 = Debug|Any CPU
		{53E6A2A4-B72A-4C86-9103-457F1650D9EE}.Release|Any CPU.ActiveCfg = Release|Any CPU
		{53E6A2A4-B72A-4C86-9103-457F1650D9EE}.Release|Any CPU.Build.0 = Release|Any CPU
	EndGlobalSection
	GlobalSection(SolutionProperties) = preSolution
		HideSolutionNode = FALSE
	EndGlobalSection
	GlobalSection(ExtensibilityGlobals) = postSolution
		SolutionGuid = {C6319811-0316-4886-A67D-66E3C3794663}
	EndGlobalSection
EndGlobal
